
Microsoft Visual Studio Solution File, Format Version 12.00
# Visual Studio Version 17
VisualStudioVersion = 17.9.34622.214
MinimumVisualStudioVersion = 10.0.40219.1
Project("{FAE04EC0-301F-11D3-BF4B-00C04F79EFBC}") = "s28786-pro-dl1993", "s28786-pro-dl1993\s28786-pro-dl1993.csproj", "{A1FE83AF-BA71-486D-AD1E-02A498F39AD9}"
EndProject
Global
	GlobalSection(SolutionConfigurationPlatforms) = preSolution
		Debug|Any CPU = Debug|Any CPU
		Release|Any CPU = Release|Any CPU
	EndGlobalSection
	GlobalSection(ProjectConfigurationPlatforms) = postSolution
		{A1FE83AF-BA71-486D-AD1E-02A498F39AD9}.Debug|Any CPU.ActiveCfg = Debug|Any CPU
		{A1FE83AF-BA71-486D-AD1E-02A498F39AD9}.Debug|Any CPU.Build.0 = Debug|Any CPU
		{A1FE83AF-BA71-486D-AD1E-02A498F39AD9}.Release|Any CPU.ActiveCfg = Release|Any CPU
		{A1FE83AF-BA71-486D-AD1E-02A498F39AD9}.Release|Any CPU.Build.0 = Release|Any CPU
	EndGlobalSection
	GlobalSection(SolutionProperties) = preSolution
		HideSolutionNode = FALSE
	EndGlobalSection
	GlobalSection(ExtensibilityGlobals) = postSolution
		SolutionGuid = {F407F8F8-6758-4268-948F-2ACFB2349820}
	EndGlobalSection
EndGlobal
